
Microsoft Visual Studio Solution File, Format Version 12.00
# Visual Studio Version 16
VisualStudioVersion = 16.0.28803.156
MinimumVisualStudioVersion = 10.0.40219.1
Project("{9A19103F-16F7-4668-BE54-9A1E7A4F7556}") = "CookBookApp", "CookBookApp\CookBookApp.csproj", "{3D4D67A5-B871-4651-B70F-CBA6FA28ED9E}"
EndProject
Project("{FAE04EC0-301F-11D3-BF4B-00C04F79EFBC}") = "CookBookApp.UnitTests", "CookBookApp.UnitTests\CookBookApp.UnitTests.csproj", "{4C5BE942-7ED8-4D01-82B2-D1B5DD3B948F}"
EndProject
Global
	GlobalSection(SolutionConfigurationPlatforms) = preSolution
		Debug|Any CPU = Debug|Any CPU
		Release|Any CPU = Release|Any CPU
	EndGlobalSection
	GlobalSection(ProjectConfigurationPlatforms) = postSolution
		{3D4D67A5-B871-4651-B70F-CBA6FA28ED9E}.Debug|Any CPU.ActiveCfg = Debug|Any CPU
		{3D4D67A5-B871-4651-B70F-CBA6FA28ED9E}.Debug|Any CPU.Build.0 = Debug|Any CPU
		{3D4D67A5-B871-4651-B70F-CBA6FA28ED9E}.Release|Any CPU.ActiveCfg = Release|Any CPU
		{3D4D67A5-B871-4651-B70F-CBA6FA28ED9E}.Release|Any CPU.Build.0 = Release|Any CPU
		{4C5BE942-7ED8-4D01-82B2-D1B5DD3B948F}.Debug|Any CPU.ActiveCfg = Debug|Any CPU
		{4C5BE942-7ED8-4D01-82B2-D1B5DD3B948F}.Debug|Any CPU.Build.0 = Debug|Any CPU
		{4C5BE942-7ED8-4D01-82B2-D1B5DD3B948F}.Release|Any CPU.ActiveCfg = Release|Any CPU
		{4C5BE942-7ED8-4D01-82B2-D1B5DD3B948F}.Release|Any CPU.Build.0 = Release|Any CPU
	EndGlobalSection
	GlobalSection(SolutionProperties) = preSolution
		HideSolutionNode = FALSE
	EndGlobalSection
	GlobalSection(ExtensibilityGlobals) = postSolution
		SolutionGuid = {E22A3CEC-4E49-4433-9C2B-6C803DD5F23D}
	EndGlobalSection
EndGlobal
